
Microsoft Visual Studio Solution File, Format Version 12.00
# Visual Studio Version 16
VisualStudioVersion = 16.0.31129.286
MinimumVisualStudioVersion = 10.0.40219.1
Project("{FAE04EC0-301F-11D3-BF4B-00C04F79EFBC}") = "MyRabbitProducer", "MyRabbitProducer.csproj", "{0487B192-6EA9-49E8-8B6D-18DEEEA5C7FF}"
EndProject
Global
	GlobalSection(SolutionConfigurationPlatforms) = preSolution
		Debug|Any CPU = Debug|Any CPU
		Release|Any CPU = Release|Any CPU
	EndGlobalSection
	GlobalSection(ProjectConfigurationPlatforms) = postSolution
		{0487B192-6EA9-49E8-8B6D-18DEEEA5C7FF}.Debug|Any CPU.ActiveCfg = Debug|Any CPU
		{0487B192-6EA9-49E8-8B6D-18DEEEA5C7FF}.Debug|Any CPU.Build.0 = Debug|Any CPU
		{0487B192-6EA9-49E8-8B6D-18DEEEA5C7FF}.Release|Any CPU.ActiveCfg = Release|Any CPU
		{0487B192-6EA9-49E8-8B6D-18DEEEA5C7FF}.Release|Any CPU.Build.0 = Release|Any CPU
	EndGlobalSection
	GlobalSection(SolutionProperties) = preSolution
		HideSolutionNode = FALSE
	EndGlobalSection
	GlobalSection(ExtensibilityGlobals) = postSolution
		SolutionGuid = {396317AE-80A2-4F06-BE94-E5C91D9B5C04}
	EndGlobalSection
EndGlobal
